<Solution>
  <Project Path="Contapop.Application.AppHost/Contapop.Application.AppHost.csproj" />
  <Project Path="Contapop.Experience.Api/Contapop.Experience.Api.csproj" />
  <Project Path="Contapop.Experience.Api.Tests/Contapop.Experience.Api.Tests.csproj" />
  <Project Path="Contapop.Identity.Service/Contapop.Identity.Service.csproj" />
  <Project Path="Contapop.Identity.Service.Tests/Contapop.Identity.Service.Tests.csproj" />
  <Project Path="Contapop.Ledger.Service/Contapop.Ledger.Service.csproj" />
  <Project Path="Contapop.Ledger.Service.Tests/Contapop.Ledger.Service.Tests.csproj" />
  <Project Path="Contapop.Billing.Service/Contapop.Billing.Service.csproj" />
  <Project Path="Contapop.Billing.Service.Tests/Contapop.Billing.Service.Tests.csproj" />
  <Project Path="Contapop.Bookkeeping.Service/Contapop.Bookkeeping.Service.csproj" />
  <Project Path="Contapop.Bookkeeping.Service.Tests/Contapop.Bookkeeping.Service.Tests.csproj" />
  <Project Path="Contapop.Reconciliation.Service/Contapop.Reconciliation.Service.csproj" />
  <Project Path="frontend/frontend.esproj">
    <Build />
    <Deploy />
  </Project>
</Solution>
